
Microsoft Visual Studio Solution File, Format Version 12.00
# Visual Studio Version 17
VisualStudioVersion = 17.11.35327.3
MinimumVisualStudioVersion = 10.0.40219.1
Project("{9A19103F-16F7-4668-BE54-9A1E7A4F7556}") = "DataAccessLibrary", "SQLDataAccessLibrary\DataAccessLibrary.csproj", "{943C101A-F2AD-4286-AA22-2E4663C49C0D}"
EndProject
Project("{9A19103F-16F7-4668-BE54-9A1E7A4F7556}") = "hotelappi", "hotelappi\hotelappi.csproj", "{40443CD1-5EB4-43D1-B035-3BECD8CA4755}"
EndProject
Global
	GlobalSection(SolutionConfigurationPlatforms) = preSolution
		Debug|Any CPU = Debug|Any CPU
		Release|Any CPU = Release|Any CPU
	EndGlobalSection
	GlobalSection(ProjectConfigurationPlatforms) = postSolution
		{943C101A-F2AD-4286-AA22-2E4663C49C0D}.Debug|Any CPU.ActiveCfg = Debug|Any CPU
		{943C101A-F2AD-4286-AA22-2E4663C49C0D}.Debug|Any CPU.Build.0 = Debug|Any CPU
		{943C101A-F2AD-4286-AA22-2E4663C49C0D}.Release|Any CPU.ActiveCfg = Release|Any CPU
		{943C101A-F2AD-4286-AA22-2E4663C49C0D}.Release|Any CPU.Build.0 = Release|Any CPU
		{40443CD1-5EB4-43D1-B035-3BECD8CA4755}.Debug|Any CPU.ActiveCfg = Debug|Any CPU
		{40443CD1-5EB4-43D1-B035-3BECD8CA4755}.Debug|Any CPU.Build.0 = Debug|Any CPU
		{40443CD1-5EB4-43D1-B035-3BECD8CA4755}.Release|Any CPU.ActiveCfg = Release|Any CPU
		{40443CD1-5EB4-43D1-B035-3BECD8CA4755}.Release|Any CPU.Build.0 = Release|Any CPU
	EndGlobalSection
	GlobalSection(SolutionProperties) = preSolution
		HideSolutionNode = FALSE
	EndGlobalSection
	GlobalSection(ExtensibilityGlobals) = postSolution
		SolutionGuid = {33F7EF39-0ABE-4FBC-A662-CD37552258B9}
	EndGlobalSection
EndGlobal
